# THIS IS AN AUTOGENERATED FILE. DO NOT EDIT THIS FILE DIRECTLY.
# yarn lockfile v1


"@babel/parser@^7.23.6":
  version "7.23.6"
  resolved "https://registry.npmmirror.com/@babel/parser/-/parser-7.23.6.tgz#ba1c9e512bda72a47e285ae42aff9d2a635a9e3b"
  integrity sha512-Z2uID7YJ7oNvAI20O9X0bblw7Qqs8Q2hFy0R9tAfnfLkp5MW0UH9eUvnDSnFwKZ0AvgS1ucqR4KzvVHgnke1VQ==

"@esbuild/android-arm64@0.18.20":
  version "0.18.20"
  resolved "https://registry.npmmirror.com/@esbuild/android-arm64/-/android-arm64-0.18.20.tgz#984b4f9c8d0377443cc2dfcef266d02244593622"
  integrity sha512-Nz4rJcchGDtENV0eMKUNa6L12zz2zBDXuhj/Vjh18zGqB44Bi7MBMSXjgunJgjRhCmKOjnPuZp4Mb6OKqtMHLQ==

"@esbuild/android-arm@0.18.20":
  version "0.18.20"
  resolved "https://registry.npmmirror.com/@esbuild/android-arm/-/android-arm-0.18.20.tgz#fedb265bc3a589c84cc11f810804f234947c3682"
  integrity sha512-fyi7TDI/ijKKNZTUJAQqiG5T7YjJXgnzkURqmGj13C6dCqckZBLdl4h7bkhHt/t0WP+zO9/zwroDvANaOqO5Sw==

"@esbuild/android-x64@0.18.20":
  version "0.18.20"
  resolved "https://registry.npmmirror.com/@esbuild/android-x64/-/android-x64-0.18.20.tgz#35cf419c4cfc8babe8893d296cd990e9e9f756f2"
  integrity sha512-8GDdlePJA8D6zlZYJV/jnrRAi6rOiNaCC/JclcXpB+KIuvfBN4owLtgzY2bsxnx666XjJx2kDPUmnTtR8qKQUg==

"@esbuild/darwin-arm64@0.18.20":
  version "0.18.20"
  resolved "https://registry.npmmirror.com/@esbuild/darwin-arm64/-/darwin-arm64-0.18.20.tgz#08172cbeccf95fbc383399a7f39cfbddaeb0d7c1"
  integrity sha512-bxRHW5kHU38zS2lPTPOyuyTm+S+eobPUnTNkdJEfAddYgEcll4xkT8DB9d2008DtTbl7uJag2HuE5NZAZgnNEA==

"@esbuild/darwin-x64@0.18.20":
  version "0.18.20"
  resolved "https://registry.npmmirror.com/@esbuild/darwin-x64/-/darwin-x64-0.18.20.tgz#d70d5790d8bf475556b67d0f8b7c5bdff053d85d"
  integrity sha512-pc5gxlMDxzm513qPGbCbDukOdsGtKhfxD1zJKXjCCcU7ju50O7MeAZ8c4krSJcOIJGFR+qx21yMMVYwiQvyTyQ==

"@esbuild/freebsd-arm64@0.18.20":
  version "0.18.20"
  resolved "https://registry.npmmirror.com/@esbuild/freebsd-arm64/-/freebsd-arm64-0.18.20.tgz#98755cd12707f93f210e2494d6a4b51b96977f54"
  integrity sha512-yqDQHy4QHevpMAaxhhIwYPMv1NECwOvIpGCZkECn8w2WFHXjEwrBn3CeNIYsibZ/iZEUemj++M26W3cNR5h+Tw==

"@esbuild/freebsd-x64@0.18.20":
  version "0.18.20"
  resolved "https://registry.npmmirror.com/@esbuild/freebsd-x64/-/freebsd-x64-0.18.20.tgz#c1eb2bff03915f87c29cece4c1a7fa1f423b066e"
  integrity sha512-tgWRPPuQsd3RmBZwarGVHZQvtzfEBOreNuxEMKFcd5DaDn2PbBxfwLcj4+aenoh7ctXcbXmOQIn8HI6mCSw5MQ==

"@esbuild/linux-arm64@0.18.20":
  version "0.18.20"
  resolved "https://registry.npmmirror.com/@esbuild/linux-arm64/-/linux-arm64-0.18.20.tgz#bad4238bd8f4fc25b5a021280c770ab5fc3a02a0"
  integrity sha512-2YbscF+UL7SQAVIpnWvYwM+3LskyDmPhe31pE7/aoTMFKKzIc9lLbyGUpmmb8a8AixOL61sQ/mFh3jEjHYFvdA==

"@esbuild/linux-arm@0.18.20":
  version "0.18.20"
  resolved "https://registry.npmmirror.com/@esbuild/linux-arm/-/linux-arm-0.18.20.tgz#3e617c61f33508a27150ee417543c8ab5acc73b0"
  integrity sha512-/5bHkMWnq1EgKr1V+Ybz3s1hWXok7mDFUMQ4cG10AfW3wL02PSZi5kFpYKrptDsgb2WAJIvRcDm+qIvXf/apvg==

"@esbuild/linux-ia32@0.18.20":
  version "0.18.20"
  resolved "https://registry.npmmirror.com/@esbuild/linux-ia32/-/linux-ia32-0.18.20.tgz#699391cccba9aee6019b7f9892eb99219f1570a7"
  integrity sha512-P4etWwq6IsReT0E1KHU40bOnzMHoH73aXp96Fs8TIT6z9Hu8G6+0SHSw9i2isWrD2nbx2qo5yUqACgdfVGx7TA==

"@esbuild/linux-loong64@0.18.20":
  version "0.18.20"
  resolved "https://registry.npmmirror.com/@esbuild/linux-loong64/-/linux-loong64-0.18.20.tgz#e6fccb7aac178dd2ffb9860465ac89d7f23b977d"
  integrity sha512-nXW8nqBTrOpDLPgPY9uV+/1DjxoQ7DoB2N8eocyq8I9XuqJ7BiAMDMf9n1xZM9TgW0J8zrquIb/A7s3BJv7rjg==

"@esbuild/linux-mips64el@0.18.20":
  version "0.18.20"
  resolved "https://registry.npmmirror.com/@esbuild/linux-mips64el/-/linux-mips64el-0.18.20.tgz#eeff3a937de9c2310de30622a957ad1bd9183231"
  integrity sha512-d5NeaXZcHp8PzYy5VnXV3VSd2D328Zb+9dEq5HE6bw6+N86JVPExrA6O68OPwobntbNJ0pzCpUFZTo3w0GyetQ==

"@esbuild/linux-ppc64@0.18.20":
  version "0.18.20"
  resolved "https://registry.npmmirror.com/@esbuild/linux-ppc64/-/linux-ppc64-0.18.20.tgz#2f7156bde20b01527993e6881435ad79ba9599fb"
  integrity sha512-WHPyeScRNcmANnLQkq6AfyXRFr5D6N2sKgkFo2FqguP44Nw2eyDlbTdZwd9GYk98DZG9QItIiTlFLHJHjxP3FA==

"@esbuild/linux-riscv64@0.18.20":
  version "0.18.20"
  resolved "https://registry.npmmirror.com/@esbuild/linux-riscv64/-/linux-riscv64-0.18.20.tgz#6628389f210123d8b4743045af8caa7d4ddfc7a6"
  integrity sha512-WSxo6h5ecI5XH34KC7w5veNnKkju3zBRLEQNY7mv5mtBmrP/MjNBCAlsM2u5hDBlS3NGcTQpoBvRzqBcRtpq1A==

"@esbuild/linux-s390x@0.18.20":
  version "0.18.20"
  resolved "https://registry.npmmirror.com/@esbuild/linux-s390x/-/linux-s390x-0.18.20.tgz#255e81fb289b101026131858ab99fba63dcf0071"
  integrity sha512-+8231GMs3mAEth6Ja1iK0a1sQ3ohfcpzpRLH8uuc5/KVDFneH6jtAJLFGafpzpMRO6DzJ6AvXKze9LfFMrIHVQ==

"@esbuild/linux-x64@0.18.20":
  version "0.18.20"
  resolved "https://registry.npmmirror.com/@esbuild/linux-x64/-/linux-x64-0.18.20.tgz#c7690b3417af318a9b6f96df3031a8865176d338"
  integrity sha512-UYqiqemphJcNsFEskc73jQ7B9jgwjWrSayxawS6UVFZGWrAAtkzjxSqnoclCXxWtfwLdzU+vTpcNYhpn43uP1w==

"@esbuild/netbsd-x64@0.18.20":
  version "0.18.20"
  resolved "https://registry.npmmirror.com/@esbuild/netbsd-x64/-/netbsd-x64-0.18.20.tgz#30e8cd8a3dded63975e2df2438ca109601ebe0d1"
  integrity sha512-iO1c++VP6xUBUmltHZoMtCUdPlnPGdBom6IrO4gyKPFFVBKioIImVooR5I83nTew5UOYrk3gIJhbZh8X44y06A==

"@esbuild/openbsd-x64@0.18.20":
  version "0.18.20"
  resolved "https://registry.npmmirror.com/@esbuild/openbsd-x64/-/openbsd-x64-0.18.20.tgz#7812af31b205055874c8082ea9cf9ab0da6217ae"
  integrity sha512-e5e4YSsuQfX4cxcygw/UCPIEP6wbIL+se3sxPdCiMbFLBWu0eiZOJ7WoD+ptCLrmjZBK1Wk7I6D/I3NglUGOxg==

"@esbuild/sunos-x64@0.18.20":
  version "0.18.20"
  resolved "https://registry.npmmirror.com/@esbuild/sunos-x64/-/sunos-x64-0.18.20.tgz#d5c275c3b4e73c9b0ecd38d1ca62c020f887ab9d"
  integrity sha512-kDbFRFp0YpTQVVrqUd5FTYmWo45zGaXe0X8E1G/LKFC0v8x0vWrhOWSLITcCn63lmZIxfOMXtCfti/RxN/0wnQ==

"@esbuild/win32-arm64@0.18.20":
  version "0.18.20"
  resolved "https://registry.npmmirror.com/@esbuild/win32-arm64/-/win32-arm64-0.18.20.tgz#73bc7f5a9f8a77805f357fab97f290d0e4820ac9"
  integrity sha512-ddYFR6ItYgoaq4v4JmQQaAI5s7npztfV4Ag6NrhiaW0RrnOXqBkgwZLofVTlq1daVTQNhtI5oieTvkRPfZrePg==

"@esbuild/win32-ia32@0.18.20":
  version "0.18.20"
  resolved "https://registry.npmmirror.com/@esbuild/win32-ia32/-/win32-ia32-0.18.20.tgz#ec93cbf0ef1085cc12e71e0d661d20569ff42102"
  integrity sha512-Wv7QBi3ID/rROT08SABTS7eV4hX26sVduqDOTe1MvGMjNd3EjOz4b7zeexIR62GTIEKrfJXKL9LFxTYgkyeu7g==

"@esbuild/win32-x64@0.18.20":
  version "0.18.20"
  resolved "https://registry.npmmirror.com/@esbuild/win32-x64/-/win32-x64-0.18.20.tgz#786c5f41f043b07afb1af37683d7c33668858f6d"
  integrity sha512-kTdfRcSiDfQca/y9QIkng02avJ+NCaQvrMejlsB3RRv5sE9rRoeBPISaZpKxHELzRxZyLvNts1P27W3wV+8geQ==

"@jridgewell/sourcemap-codec@^1.4.15":
  version "1.4.15"
  resolved "https://registry.npmmirror.com/@jridgewell/sourcemap-codec/-/sourcemap-codec-1.4.15.tgz#d7c6e6755c78567a951e04ab52ef0fd26de59f32"
  integrity sha512-eF2rxCRulEKXHTRiDrDy6erMYWqNw4LPdQ8UQA4huuxaQsVeRPFl2oM8oDGxMFhJUWZf9McpLtJasDDZb/Bpeg==

"@vitejs/plugin-vue@^4.1.0":
  version "4.6.2"
  resolved "https://registry.npmmirror.com/@vitejs/plugin-vue/-/plugin-vue-4.6.2.tgz#057d2ded94c4e71b94e9814f92dcd9306317aa46"
  integrity sha512-kqf7SGFoG+80aZG6Pf+gsZIVvGSCKE98JbiWqcCV9cThtg91Jav0yvYFC9Zb+jKetNGF6ZKeoaxgZfND21fWKw==

"@volar/language-core@1.11.1", "@volar/language-core@~1.11.1":
  version "1.11.1"
  resolved "https://registry.npmmirror.com/@volar/language-core/-/language-core-1.11.1.tgz#ecdf12ea8dc35fb8549e517991abcbf449a5ad4f"
  integrity sha512-dOcNn3i9GgZAcJt43wuaEykSluAuOkQgzni1cuxLxTV0nJKanQztp7FxyswdRILaKH+P2XZMPRp2S4MV/pElCw==
  dependencies:
    "@volar/source-map" "1.11.1"

"@volar/source-map@1.11.1", "@volar/source-map@~1.11.1":
  version "1.11.1"
  resolved "https://registry.npmmirror.com/@volar/source-map/-/source-map-1.11.1.tgz#535b0328d9e2b7a91dff846cab4058e191f4452f"
  integrity sha512-hJnOnwZ4+WT5iupLRnuzbULZ42L7BWWPMmruzwtLhJfpDVoZLjNBxHDi2sY2bgZXCKlpU5XcsMFoYrsQmPhfZg==
  dependencies:
    muggle-string "^0.3.1"

"@volar/typescript@~1.11.1":
  version "1.11.1"
  resolved "https://registry.npmmirror.com/@volar/typescript/-/typescript-1.11.1.tgz#ba86c6f326d88e249c7f5cfe4b765be3946fd627"
  integrity sha512-iU+t2mas/4lYierSnoFOeRFQUhAEMgsFuQxoxvwn5EdQopw43j+J27a4lt9LMInx1gLJBC6qL14WYGlgymaSMQ==
  dependencies:
    "@volar/language-core" "1.11.1"
    path-browserify "^1.0.1"

"@vue/compiler-core@3.4.13":
  version "3.4.13"
  resolved "https://registry.npmmirror.com/@vue/compiler-core/-/compiler-core-3.4.13.tgz#49f499034c25b0832845028ea3cd701fe5a17367"
  integrity sha512-zGUdmB3j3Irn9z51GXLJ5s0EAHxmsm5/eXl0y6MBaajMeOAaiT4+zaDoxui4Ets98dwIRr8BBaqXXHtHSfm+KA==
  dependencies:
    "@babel/parser" "^7.23.6"
    "@vue/shared" "3.4.13"
    entities "^4.5.0"
    estree-walker "^2.0.2"
    source-map-js "^1.0.2"

"@vue/compiler-dom@3.4.13", "@vue/compiler-dom@^3.3.0":
  version "3.4.13"
  resolved "https://registry.npmmirror.com/@vue/compiler-dom/-/compiler-dom-3.4.13.tgz#66a80a6ee412a3d32b7175a146b75d9ec3d1c50c"
  integrity sha512-XSNbpr5Rs3kCfVAmBqMu/HDwOS+RL6y28ZZjDlnDUuf146pRWt2sQkwhsOYc9uu2lxjjJy2NcyOkK7MBLVEc7w==
  dependencies:
    "@vue/compiler-core" "3.4.13"
    "@vue/shared" "3.4.13"

"@vue/compiler-sfc@3.4.13":
  version "3.4.13"
  resolved "https://registry.npmmirror.com/@vue/compiler-sfc/-/compiler-sfc-3.4.13.tgz#0f5f6db0e64f522c09995585453ae5f13ba54c60"
  integrity sha512-SkpmQN8xIFBd5onT413DFSDdjxULJf6jmJg/t3w/DZ9I8ZzyNlLIBLO0qFLewVHyHCiAgpPZlWqSRZXYrawk3Q==
  dependencies:
    "@babel/parser" "^7.23.6"
    "@vue/compiler-core" "3.4.13"
    "@vue/compiler-dom" "3.4.13"
    "@vue/compiler-ssr" "3.4.13"
    "@vue/shared" "3.4.13"
    estree-walker "^2.0.2"
    magic-string "^0.30.5"
    postcss "^8.4.32"
    source-map-js "^1.0.2"

"@vue/compiler-ssr@3.4.13":
  version "3.4.13"
  resolved "https://registry.npmmirror.com/@vue/compiler-ssr/-/compiler-ssr-3.4.13.tgz#90fa9a4116f7974d7a4e43a8a67f3fc162e8720f"
  integrity sha512-rwnw9SVBgD6eGKh8UucnwztieQo/R3RQrEGpE0b0cxb2xxvJeLs/fe7DoYlhEfaSyzM/qD5odkK87hl3G3oW+A==
  dependencies:
    "@vue/compiler-dom" "3.4.13"
    "@vue/shared" "3.4.13"

"@vue/language-core@1.8.27":
  version "1.8.27"
  resolved "https://registry.npmmirror.com/@vue/language-core/-/language-core-1.8.27.tgz#2ca6892cb524e024a44e554e4c55d7a23e72263f"
  integrity sha512-L8Kc27VdQserNaCUNiSFdDl9LWT24ly8Hpwf1ECy3aFb9m6bDhBGQYOujDm21N7EW3moKIOKEanQwe1q5BK+mA==
  dependencies:
    "@volar/language-core" "~1.11.1"
    "@volar/source-map" "~1.11.1"
    "@vue/compiler-dom" "^3.3.0"
    "@vue/shared" "^3.3.0"
    computeds "^0.0.1"
    minimatch "^9.0.3"
    muggle-string "^0.3.1"
    path-browserify "^1.0.1"
    vue-template-compiler "^2.7.14"

"@vue/reactivity@3.4.13":
  version "3.4.13"
  resolved "https://registry.npmmirror.com/@vue/reactivity/-/reactivity-3.4.13.tgz#7eeeb9d598512f66e06a6438fd53464014b5ae59"
  integrity sha512-/ZdUOrGKkGVONzVJkfDqNcn2fLMvaa5VlYx2KwTbnRbX06YZ4GJE0PVTmWzIxtBYdpSTLLXgw3pDggO+96KXzg==
  dependencies:
    "@vue/shared" "3.4.13"

"@vue/runtime-core@3.4.13":
  version "3.4.13"
  resolved "https://registry.npmmirror.com/@vue/runtime-core/-/runtime-core-3.4.13.tgz#776cad7c1d56ec5e92a48e040c8483b89f779542"
  integrity sha512-Ov4d4At7z3goxqzSqQxdfVYEcN5HY4dM1uDYL6Hu/Es9Za9BEN602zyjWhhi2+BEki5F9NizRSvn02k/tqNWlg==
  dependencies:
    "@vue/reactivity" "3.4.13"
    "@vue/shared" "3.4.13"

"@vue/runtime-dom@3.4.13":
  version "3.4.13"
  resolved "https://registry.npmmirror.com/@vue/runtime-dom/-/runtime-dom-3.4.13.tgz#74aff1494bee49c037b9c5355d8998c793ac0977"
  integrity sha512-ynde9p16eEV3u1VCxUre2e0nKzD0l3NzH0r599+bXeLT1Yhac8Atcot3iL9XNqwolxYCI89KBII+2MSVzfrz6w==
  dependencies:
    "@vue/runtime-core" "3.4.13"
    "@vue/shared" "3.4.13"
    csstype "^3.1.3"

"@vue/server-renderer@3.4.13":
  version "3.4.13"
  resolved "https://registry.npmmirror.com/@vue/server-renderer/-/server-renderer-3.4.13.tgz#b8c9cfb2147c0a01feba7f136d3a432848dafcab"
  integrity sha512-hkw+UQyDZZtSn1q30nObMfc8beVEQv2pG08nghigxGw+iOWodR+tWSuJak0mzWAHlP/xt/qLc//dG6igfgvGEA==
  dependencies:
    "@vue/compiler-ssr" "3.4.13"
    "@vue/shared" "3.4.13"

"@vue/shared@3.4.13", "@vue/shared@^3.3.0":
  version "3.4.13"
  resolved "https://registry.npmmirror.com/@vue/shared/-/shared-3.4.13.tgz#a1eefce5ddffe207d53eafbc07f4ebbea0a4768a"
  integrity sha512-56crFKLPpzk85WXX1L1c0QzPOuoapWlPVys8eMG8kkRmqdMjWUqK8KpFdE2d7BQA4CEbXwyyHPq6MpFr8H9rcg==

abstract-leveldown@^6.2.1:
  version "6.3.0"
  resolved "https://registry.npmmirror.com/abstract-leveldown/-/abstract-leveldown-6.3.0.tgz#d25221d1e6612f820c35963ba4bd739928f6026a"
  integrity sha512-TU5nlYgta8YrBMNpc9FwQzRbiXsj49gsALsXadbGHt9CROPzX5fB0rWDR5mtdpOOKa5XqRFpbj1QroPAoPzVjQ==
  dependencies:
    buffer "^5.5.0"
    immediate "^3.2.3"
    level-concat-iterator "~2.0.0"
    level-supports "~1.0.0"
    xtend "~4.0.0"

abstract-leveldown@~6.2.1, abstract-leveldown@~6.2.3:
  version "6.2.3"
  resolved "https://registry.npmmirror.com/abstract-leveldown/-/abstract-leveldown-6.2.3.tgz#036543d87e3710f2528e47040bc3261b77a9a8eb"
  integrity sha512-BsLm5vFMRUrrLeCcRc+G0t2qOaTzpoJQLOubq2XM72eNpjF5UdU5o/5NvlNhx95XHcAvcl8OMXr4mlg/fRgUXQ==
  dependencies:
    buffer "^5.5.0"
    immediate "^3.2.3"
    level-concat-iterator "~2.0.0"
    level-supports "~1.0.0"
    xtend "~4.0.0"

async-limiter@~1.0.0:
  version "1.0.1"
  resolved "https://registry.npmmirror.com/async-limiter/-/async-limiter-1.0.1.tgz#dd379e94f0db8310b08291f9d64c3209766617fd"
  integrity sha512-csOlWGAcRFJaI6m+F2WKdnMKr4HhdhFVBk0H/QbJFMCr+uO2kwohwXQPxw/9OCxp05r5ghVBFSyioixx3gfkNQ==

balanced-match@^1.0.0:
  version "1.0.2"
  resolved "https://registry.npmmirror.com/balanced-match/-/balanced-match-1.0.2.tgz#e83e3a7e3f300b34cb9d87f615fa0cbf357690ee"
  integrity sha512-3oSeUO0TMV67hN1AmbXsK4yaqU7tjiHlbxRDZOpH0KW9+CeX4bRAaX0Anxt0tx2MrpRpWwQaPwIlISEJhYU5Pw==

base64-js@^1.3.1:
  version "1.5.1"
  resolved "https://registry.npmmirror.com/base64-js/-/base64-js-1.5.1.tgz#1b1b440160a5bf7ad40b650f095963481903930a"
  integrity sha512-AKpaYlHn8t4SVbOHCy+b5+KKgvR4vrsD8vbvrbiQJps7fKDTkjkDry6ji0rUJjC0kzbNePLwzxq8iypo41qeWA==

brace-expansion@^2.0.1:
  version "2.0.1"
  resolved "https://registry.npmmirror.com/brace-expansion/-/brace-expansion-2.0.1.tgz#1edc459e0f0c548486ecf9fc99f2221364b9a0ae"
  integrity sha512-XnAIvQ8eM+kC6aULx6wuQiwVsnzsi9d3WxzV3FpWTGA19F621kwdbsAcFKXgKUHZWsy+mY6iL1sHTxWEFCytDA==
  dependencies:
    balanced-match "^1.0.0"

buffer@^5.5.0, buffer@^5.6.0:
  version "5.7.1"
  resolved "https://registry.npmmirror.com/buffer/-/buffer-5.7.1.tgz#ba62e7c13133053582197160851a8f648e99eed0"
  integrity sha512-EHcyIPBQ4BSGlvjB16k5KgAJ27CIsHY/2JBmCRReo48y9rQ3MaUzWX3KVlBa4U7MyX02HdVj0K7C3WaB3ju7FQ==
  dependencies:
    base64-js "^1.3.1"
    ieee754 "^1.1.13"

call-bind@^1.0.2:
  version "1.0.5"
  resolved "https://registry.npmmirror.com/call-bind/-/call-bind-1.0.5.tgz#6fa2b7845ce0ea49bf4d8b9ef64727a2c2e2e513"
  integrity sha512-C3nQxfFZxFRVoJoGKKI8y3MOEo129NQ+FgQ08iye+Mk4zNZZGdjfs06bVTr+DBSlA66Q2VEcMki/cUCP4SercQ==
  dependencies:
    function-bind "^1.1.2"
    get-intrinsic "^1.2.1"
    set-function-length "^1.1.1"

clone@^2.1.1:
  version "2.1.2"
  resolved "https://registry.npmmirror.com/clone/-/clone-2.1.2.tgz#1b7f4b9f591f1e8f83670401600345a02887435f"
  integrity sha512-3Pe/CF1Nn94hyhIYpjtiLhdCoEoz0DqQ+988E9gmeEdQZlojxnOb74wctFyuwWQHzqyf9X7C7MG8juUpqBJT8w==

computeds@^0.0.1:
  version "0.0.1"
  resolved "https://registry.npmmirror.com/computeds/-/computeds-0.0.1.tgz#215b08a4ba3e08a11ff6eee5d6d8d7166a97ce2e"
  integrity sha512-7CEBgcMjVmitjYo5q8JTJVra6X5mQ20uTThdK+0kR7UEaDrAWEQcRiBtWJzga4eRpP6afNwwLsX2SET2JhVB1Q==

csstype@^3.1.3:
  version "3.1.3"
  resolved "https://registry.npmmirror.com/csstype/-/csstype-3.1.3.tgz#d80ff294d114fb0e6ac500fbf85b60137d7eff81"
  integrity sha512-M1uQkMl8rQK/szD0LNhtqxIPLpimGm8sOBwU7lLnCpSbTyY3yeU1Vc7l4KT5zT4s/yOxHH5O7tIuuLOCnLADRw==

de-indent@^1.0.2:
  version "1.0.2"
  resolved "https://registry.npmmirror.com/de-indent/-/de-indent-1.0.2.tgz#b2038e846dc33baa5796128d0804b455b8c1e21d"
  integrity sha512-e/1zu3xH5MQryN2zdVaF0OrdNLUbvWxzMbi+iNA6Bky7l1RoP8a2fIbRocyHclXt/arDrrR6lL3TqFD9pMQTsg==

deep-equal@^1.0.1:
  version "1.1.2"
  resolved "https://registry.npmmirror.com/deep-equal/-/deep-equal-1.1.2.tgz#78a561b7830eef3134c7f6f3a3d6af272a678761"
  integrity sha512-5tdhKF6DbU7iIzrIOa1AOUt39ZRm13cmL1cGEh//aqR8x9+tNfbywRf0n5FD/18OKMdo7DNEtrX2t22ZAkI+eg==
  dependencies:
    is-arguments "^1.1.1"
    is-date-object "^1.0.5"
    is-regex "^1.1.4"
    object-is "^1.1.5"
    object-keys "^1.1.1"
    regexp.prototype.flags "^1.5.1"

deferred-leveldown@~5.3.0:
  version "5.3.0"
  resolved "https://registry.npmmirror.com/deferred-leveldown/-/deferred-leveldown-5.3.0.tgz#27a997ad95408b61161aa69bd489b86c71b78058"
  integrity sha512-a59VOT+oDy7vtAbLRCZwWgxu2BaCfd5Hk7wxJd48ei7I+nsg8Orlb9CLG0PMZienk9BSUKgeAqkO2+Lw+1+Ukw==
  dependencies:
    abstract-leveldown "~6.2.1"
    inherits "^2.0.3"

define-data-property@^1.0.1, define-data-property@^1.1.1:
  version "1.1.1"
  resolved "https://registry.npmmirror.com/define-data-property/-/define-data-property-1.1.1.tgz#c35f7cd0ab09883480d12ac5cb213715587800b3"
  integrity sha512-E7uGkTzkk1d0ByLeSc6ZsFS79Axg+m1P/VsgYsxHgiuc3tFSj+MjMIwe90FC4lOAZzNBdY7kkO2P2wKdsQ1vgQ==
  dependencies:
    get-intrinsic "^1.2.1"
    gopd "^1.0.1"
    has-property-descriptors "^1.0.0"

define-properties@^1.1.3, define-properties@^1.2.0:
  version "1.2.1"
  resolved "https://registry.npmmirror.com/define-properties/-/define-properties-1.2.1.tgz#10781cc616eb951a80a034bafcaa7377f6af2b6c"
  integrity sha512-8QmQKqEASLd5nx0U1B1okLElbUuuttJ/AnYmRXbbbGDWh6uS208EjD4Xqq/I9wK7u0v6O08XhTWnt5XtEbR6Dg==
  dependencies:
    define-data-property "^1.0.1"
    has-property-descriptors "^1.0.0"
    object-keys "^1.1.1"

encoding-down@^6.3.0:
  version "6.3.0"
  resolved "https://registry.npmmirror.com/encoding-down/-/encoding-down-6.3.0.tgz#b1c4eb0e1728c146ecaef8e32963c549e76d082b"
  integrity sha512-QKrV0iKR6MZVJV08QY0wp1e7vF6QbhnbQhb07bwpEyuz4uZiZgPlEGdkCROuFkUwdxlFaiPIhjyarH1ee/3vhw==
  dependencies:
    abstract-leveldown "^6.2.1"
    inherits "^2.0.3"
    level-codec "^9.0.0"
    level-errors "^2.0.0"

entities@^4.5.0:
  version "4.5.0"
  resolved "https://registry.npmmirror.com/entities/-/entities-4.5.0.tgz#5d268ea5e7113ec74c4d033b79ea5a35a488fb48"
  integrity sha512-V0hjH4dGPh9Ao5p0MoRY6BVqtwCjhz6vI5LT8AJ55H+4g9/4vbHx1I54fS0XuclLhDHArPQCiMjDxjaL8fPxhw==

errno@~0.1.1:
  version "0.1.8"
  resolved "https://registry.npmmirror.com/errno/-/errno-0.1.8.tgz#8bb3e9c7d463be4976ff888f76b4809ebc2e811f"
  integrity sha512-dJ6oBr5SQ1VSd9qkk7ByRgb/1SH4JZjCHSW/mr63/QcXO9zLVxvJ6Oy13nio03rxpSnVDDjFor75SjVeZWPW/A==
  dependencies:
    prr "~1.0.1"

esbuild@^0.18.10:
  version "0.18.20"
  resolved "https://registry.npmmirror.com/esbuild/-/esbuild-0.18.20.tgz#4709f5a34801b43b799ab7d6d82f7284a9b7a7a6"
  integrity sha512-ceqxoedUrcayh7Y7ZX6NdbbDzGROiyVBgC4PriJThBKSVPWnnFHZAkfI1lJT8QFkOwH4qOS2SJkS4wvpGl8BpA==
  optionalDependencies:
    "@esbuild/android-arm" "0.18.20"
    "@esbuild/android-arm64" "0.18.20"
    "@esbuild/android-x64" "0.18.20"
    "@esbuild/darwin-arm64" "0.18.20"
    "@esbuild/darwin-x64" "0.18.20"
    "@esbuild/freebsd-arm64" "0.18.20"
    "@esbuild/freebsd-x64" "0.18.20"
    "@esbuild/linux-arm" "0.18.20"
    "@esbuild/linux-arm64" "0.18.20"
    "@esbuild/linux-ia32" "0.18.20"
    "@esbuild/linux-loong64" "0.18.20"
    "@esbuild/linux-mips64el" "0.18.20"
    "@esbuild/linux-ppc64" "0.18.20"
    "@esbuild/linux-riscv64" "0.18.20"
    "@esbuild/linux-s390x" "0.18.20"
    "@esbuild/linux-x64" "0.18.20"
    "@esbuild/netbsd-x64" "0.18.20"
    "@esbuild/openbsd-x64" "0.18.20"
    "@esbuild/sunos-x64" "0.18.20"
    "@esbuild/win32-arm64" "0.18.20"
    "@esbuild/win32-ia32" "0.18.20"
    "@esbuild/win32-x64" "0.18.20"

estree-walker@^2.0.2:
  version "2.0.2"
  resolved "https://registry.npmmirror.com/estree-walker/-/estree-walker-2.0.2.tgz#52f010178c2a4c117a7757cfe942adb7d2da4cac"
  integrity sha512-Rfkk/Mp/DL7JVje3u18FxFujQlTNR2q6QfMSMB7AvCBx91NGj/ba3kCfza0f6dVDbw7YlRf/nDrn7pQrCCyQ/w==

eventemitter3@^2.0.3:
  version "2.0.3"
  resolved "https://registry.npmmirror.com/eventemitter3/-/eventemitter3-2.0.3.tgz#b5e1079b59fb5e1ba2771c0a993be060a58c99ba"
  integrity sha512-jLN68Dx5kyFHaePoXWPsCGW5qdyZQtLYHkxkg02/Mz6g0kYpDx4FyP6XfArhQdlOC4b8Mv+EMxPo/8La7Tzghg==

extend@^3.0.2:
  version "3.0.2"
  resolved "https://registry.npmmirror.com/extend/-/extend-3.0.2.tgz#f8b1136b4071fbd8eb140aff858b1019ec2915fa"
  integrity sha512-fjquC59cD7CyW6urNXK0FBufkZcoiGG80wTuPujX590cB5Ttln20E2UB4S/WARVqhXffZl2LNgS+gQdPIIim/g==

fast-diff@1.1.2:
  version "1.1.2"
  resolved "https://registry.npmmirror.com/fast-diff/-/fast-diff-1.1.2.tgz#4b62c42b8e03de3f848460b639079920695d0154"
  integrity sha512-KaJUt+M9t1qaIteSvjc6P3RbMdXsNhK61GRftR6SNxqmhthcd9MGIi4T+o0jD8LUSpSnSKXE20nLtJ3fOHxQig==

fsevents@~2.3.2:
  version "2.3.3"
  resolved "https://registry.npmmirror.com/fsevents/-/fsevents-2.3.3.tgz#cac6407785d03675a2a5e1a5305c697b347d90d6"
  integrity sha512-5xoDfX+fL7faATnagmWPpbFtwh/R77WmMMqqHGS65C3vvB0YHrgF+B1YmZ3441tMj5n63k0212XNoJwzlhffQw==

function-bind@^1.1.2:
  version "1.1.2"
  resolved "https://registry.npmmirror.com/function-bind/-/function-bind-1.1.2.tgz#2c02d864d97f3ea6c8830c464cbd11ab6eab7a1c"
  integrity sha512-7XHNxH7qX9xG5mIwxkhumTox/MIRNcOgDrxWsMt2pAr23WHp6MrRlN7FBSFpCpr+oVO0F744iUgR82nJMfG2SA==

functions-have-names@^1.2.3:
  version "1.2.3"
  resolved "https://registry.npmmirror.com/functions-have-names/-/functions-have-names-1.2.3.tgz#0404fe4ee2ba2f607f0e0ec3c80bae994133b834"
  integrity sha512-xckBUXyTIqT97tq2x2AMb+g163b5JFysYk0x4qxNFwbfQkmNZoiRHb6sPzI9/QV33WeuvVYBUIiD4NzNIyqaRQ==

get-intrinsic@^1.1.3, get-intrinsic@^1.2.1, get-intrinsic@^1.2.2:
  version "1.2.2"
  resolved "https://registry.npmmirror.com/get-intrinsic/-/get-intrinsic-1.2.2.tgz#281b7622971123e1ef4b3c90fd7539306da93f3b"
  integrity sha512-0gSo4ml/0j98Y3lngkFEot/zhiCeWsbYIlZ+uZOVgzLyLaUw7wxUL+nCTP0XJvJg1AXulJRI3UJi8GsbDuxdGA==
  dependencies:
    function-bind "^1.1.2"
    has-proto "^1.0.1"
    has-symbols "^1.0.3"
    hasown "^2.0.0"

gopd@^1.0.1:
  version "1.0.1"
  resolved "https://registry.npmmirror.com/gopd/-/gopd-1.0.1.tgz#29ff76de69dac7489b7c0918a5788e56477c332c"
  integrity sha512-d65bNlIadxvpb/A2abVdlqKqV563juRnZ1Wtk6s1sIR8uNsXR70xqIzVqxVf1eTqDunwT2MkczEeaezCKTZhwA==
  dependencies:
    get-intrinsic "^1.1.3"

has-property-descriptors@^1.0.0, has-property-descriptors@^1.0.1:
  version "1.0.1"
  resolved "https://registry.npmmirror.com/has-property-descriptors/-/has-property-descriptors-1.0.1.tgz#52ba30b6c5ec87fd89fa574bc1c39125c6f65340"
  integrity sha512-VsX8eaIewvas0xnvinAe9bw4WfIeODpGYikiWYLH+dma0Jw6KHYqWiWfhQlgOVK8D6PvjubK5Uc4P0iIhIcNVg==
  dependencies:
    get-intrinsic "^1.2.2"

has-proto@^1.0.1:
  version "1.0.1"
  resolved "https://registry.npmmirror.com/has-proto/-/has-proto-1.0.1.tgz#1885c1305538958aff469fef37937c22795408e0"
  integrity sha512-7qE+iP+O+bgF9clE5+UoBFzE65mlBiVj3tKCrlNQ0Ogwm0BjpT/gK4SlLYDMybDh5I3TCTKnPPa0oMG7JDYrhg==

has-symbols@^1.0.2, has-symbols@^1.0.3:
  version "1.0.3"
  resolved "https://registry.npmmirror.com/has-symbols/-/has-symbols-1.0.3.tgz#bb7b2c4349251dce87b125f7bdf874aa7c8b39f8"
  integrity sha512-l3LCuF6MgDNwTDKkdYGEihYjt5pRPbEg46rtlmnSPlUbgmB8LOIrKJbYYFBSbnPaJexMKtiPO8hmeRjRz2Td+A==

has-tostringtag@^1.0.0:
  version "1.0.0"
  resolved "https://registry.npmmirror.com/has-tostringtag/-/has-tostringtag-1.0.0.tgz#7e133818a7d394734f941e73c3d3f9291e658b25"
  integrity sha512-kFjcSNhnlGV1kyoGk7OXKSawH5JOb/LzUc5w9B02hOTO0dfFRjbHQKvg1d6cf3HbeUmtU9VbbV3qzZ2Teh97WQ==
  dependencies:
    has-symbols "^1.0.2"

hasown@^2.0.0:
  version "2.0.0"
  resolved "https://registry.npmmirror.com/hasown/-/hasown-2.0.0.tgz#f4c513d454a57b7c7e1650778de226b11700546c"
  integrity sha512-vUptKVTpIJhcczKBbgnS+RtcuYMB8+oNzPK2/Hp3hanz8JmpATdmmgLgSaadVREkDm+e2giHwY3ZRkyjSIDDFA==
  dependencies:
    function-bind "^1.1.2"

he@^1.2.0:
  version "1.2.0"
  resolved "https://registry.npmmirror.com/he/-/he-1.2.0.tgz#84ae65fa7eafb165fddb61566ae14baf05664f0f"
  integrity sha512-F/1DnUGPopORZi0ni+CvrCgHQ5FyEAHRLSApuYWMmrbSwoN2Mn/7k+Gl38gJnR7yyDZk6WLXwiGod1JOWNDKGw==

ieee754@^1.1.13:
  version "1.2.1"
  resolved "https://registry.npmmirror.com/ieee754/-/ieee754-1.2.1.tgz#8eb7a10a63fff25d15a57b001586d177d1b0d352"
  integrity sha512-dcyqhDvX1C46lXZcVqCpK+FtMRQVdIMN6/Df5js2zouUsqG7I6sFxitIC+7KYK29KdXOLHdu9zL4sFnoVQnqaA==

immediate@^3.2.3:
  version "3.3.0"
  resolved "https://registry.npmmirror.com/immediate/-/immediate-3.3.0.tgz#1aef225517836bcdf7f2a2de2600c79ff0269266"
  integrity sha512-HR7EVodfFUdQCTIeySw+WDRFJlPcLOJbXfwwZ7Oom6tjsvZ3bOkCDJHehQC3nxJrv7+f9XecwazynjU8e4Vw3Q==

inherits@^2.0.3, inherits@^2.0.4:
  version "2.0.4"
  resolved "https://registry.npmmirror.com/inherits/-/inherits-2.0.4.tgz#0fa2c64f932917c3433a0ded55363aae37416b7c"
  integrity sha512-k/vGaX4/Yla3WzyMCvTQOXYeIHvqOKtnqBduzTHpzpQZzAskKMhZ2K+EnBiSM9zGSoIFeMpXKxa4dYeZIQqewQ==

is-arguments@^1.1.1:
  version "1.1.1"
  resolved "https://registry.npmmirror.com/is-arguments/-/is-arguments-1.1.1.tgz#15b3f88fda01f2a97fec84ca761a560f123efa9b"
  integrity sha512-8Q7EARjzEnKpt/PCD7e1cgUS0a6X8u5tdSiMqXhojOdoV9TsMsiO+9VLC5vAmO8N7/GmXn7yjR8qnA6bVAEzfA==
  dependencies:
    call-bind "^1.0.2"
    has-tostringtag "^1.0.0"

is-date-object@^1.0.5:
  version "1.0.5"
  resolved "https://registry.npmmirror.com/is-date-object/-/is-date-object-1.0.5.tgz#0841d5536e724c25597bf6ea62e1bd38298df31f"
  integrity sha512-9YQaSxsAiSwcvS33MBk3wTCVnWK+HhF8VZR2jRxehM16QcVOdHqPn4VPHmRK4lSr38n9JriurInLcP90xsYNfQ==
  dependencies:
    has-tostringtag "^1.0.0"

is-regex@^1.1.4:
  version "1.1.4"
  resolved "https://registry.npmmirror.com/is-regex/-/is-regex-1.1.4.tgz#eef5663cd59fa4c0ae339505323df6854bb15958"
  integrity sha512-kvRdxDsxZjhzUX07ZnLydzS1TU/TJlTUHHY4YLL87e37oUA49DfkLqgy+VjFocowy29cKvcSiu+kIv728jTTVg==
  dependencies:
    call-bind "^1.0.2"
    has-tostringtag "^1.0.0"

isomorphic.js@^0.2.4:
  version "0.2.5"
  resolved "https://registry.npmmirror.com/isomorphic.js/-/isomorphic.js-0.2.5.tgz#13eecf36f2dba53e85d355e11bf9d4208c6f7f88"
  integrity sha512-PIeMbHqMt4DnUP3MA/Flc0HElYjMXArsw1qwJZcm9sqR8mq3l8NYizFMty0pWwE/tzIGH3EKK5+jes5mAr85yw==

level-codec@^9.0.0:
  version "9.0.2"
  resolved "https://registry.npmmirror.com/level-codec/-/level-codec-9.0.2.tgz#fd60df8c64786a80d44e63423096ffead63d8cbc"
  integrity sha512-UyIwNb1lJBChJnGfjmO0OR+ezh2iVu1Kas3nvBS/BzGnx79dv6g7unpKIDNPMhfdTEGoc7mC8uAu51XEtX+FHQ==
  dependencies:
    buffer "^5.6.0"

level-concat-iterator@~2.0.0:
  version "2.0.1"
  resolved "https://registry.npmmirror.com/level-concat-iterator/-/level-concat-iterator-2.0.1.tgz#1d1009cf108340252cb38c51f9727311193e6263"
  integrity sha512-OTKKOqeav2QWcERMJR7IS9CUo1sHnke2C0gkSmcR7QuEtFNLLzHQAvnMw8ykvEcv0Qtkg0p7FOwP1v9e5Smdcw==

level-errors@^2.0.0, level-errors@~2.0.0:
  version "2.0.1"
  resolved "https://registry.npmmirror.com/level-errors/-/level-errors-2.0.1.tgz#2132a677bf4e679ce029f517c2f17432800c05c8"
  integrity sha512-UVprBJXite4gPS+3VznfgDSU8PTRuVX0NXwoWW50KLxd2yw4Y1t2JUR5In1itQnudZqRMT9DlAM3Q//9NCjCFw==
  dependencies:
    errno "~0.1.1"

level-iterator-stream@~4.0.0:
  version "4.0.2"
  resolved "https://registry.npmmirror.com/level-iterator-stream/-/level-iterator-stream-4.0.2.tgz#7ceba69b713b0d7e22fcc0d1f128ccdc8a24f79c"
  integrity sha512-ZSthfEqzGSOMWoUGhTXdX9jv26d32XJuHz/5YnuHZzH6wldfWMOVwI9TBtKcya4BKTyTt3XVA0A3cF3q5CY30Q==
  dependencies:
    inherits "^2.0.4"
    readable-stream "^3.4.0"
    xtend "^4.0.2"

level-js@^5.0.0:
  version "5.0.2"
  resolved "https://registry.npmmirror.com/level-js/-/level-js-5.0.2.tgz#5e280b8f93abd9ef3a305b13faf0b5397c969b55"
  integrity sha512-SnBIDo2pdO5VXh02ZmtAyPP6/+6YTJg2ibLtl9C34pWvmtMEmRTWpra+qO/hifkUtBTOtfx6S9vLDjBsBK4gRg==
  dependencies:
    abstract-leveldown "~6.2.3"
    buffer "^5.5.0"
    inherits "^2.0.3"
    ltgt "^2.1.2"

level-packager@^5.1.0:
  version "5.1.1"
  resolved "https://registry.npmmirror.com/level-packager/-/level-packager-5.1.1.tgz#323ec842d6babe7336f70299c14df2e329c18939"
  integrity sha512-HMwMaQPlTC1IlcwT3+swhqf/NUO+ZhXVz6TY1zZIIZlIR0YSn8GtAAWmIvKjNY16ZkEg/JcpAuQskxsXqC0yOQ==
  dependencies:
    encoding-down "^6.3.0"
    levelup "^4.3.2"

level-supports@~1.0.0:
  version "1.0.1"
  resolved "https://registry.npmmirror.com/level-supports/-/level-supports-1.0.1.tgz#2f530a596834c7301622521988e2c36bb77d122d"
  integrity sha512-rXM7GYnW8gsl1vedTJIbzOrRv85c/2uCMpiiCzO2fndd06U/kUXEEU9evYn4zFggBOg36IsBW8LzqIpETwwQzg==
  dependencies:
    xtend "^4.0.2"

level@^6.0.1:
  version "6.0.1"
  resolved "https://registry.npmmirror.com/level/-/level-6.0.1.tgz#dc34c5edb81846a6de5079eac15706334b0d7cd6"
  integrity sha512-psRSqJZCsC/irNhfHzrVZbmPYXDcEYhA5TVNwr+V92jF44rbf86hqGp8fiT702FyiArScYIlPSBTDUASCVNSpw==
  dependencies:
    level-js "^5.0.0"
    level-packager "^5.1.0"
    leveldown "^5.4.0"

leveldown@^5.4.0:
  version "5.6.0"
  resolved "https://registry.npmmirror.com/leveldown/-/leveldown-5.6.0.tgz#16ba937bb2991c6094e13ac5a6898ee66d3eee98"
  integrity sha512-iB8O/7Db9lPaITU1aA2txU/cBEXAt4vWwKQRrrWuS6XDgbP4QZGj9BL2aNbwb002atoQ/lIotJkfyzz+ygQnUQ==
  dependencies:
    abstract-leveldown "~6.2.1"
    napi-macros "~2.0.0"
    node-gyp-build "~4.1.0"

levelup@^4.3.2:
  version "4.4.0"
  resolved "https://registry.npmmirror.com/levelup/-/levelup-4.4.0.tgz#f89da3a228c38deb49c48f88a70fb71f01cafed6"
  integrity sha512-94++VFO3qN95cM/d6eBXvd894oJE0w3cInq9USsyQzzoJxmiYzPAocNcuGCPGGjoXqDVJcr3C1jzt1TSjyaiLQ==
  dependencies:
    deferred-leveldown "~5.3.0"
    level-errors "~2.0.0"
    level-iterator-stream "~4.0.0"
    level-supports "~1.0.0"
    xtend "~4.0.0"

lib0@^0.2.31, lib0@^0.2.42, lib0@^0.2.52, lib0@^0.2.85, lib0@^0.2.86:
  version "0.2.88"
  resolved "https://registry.npmmirror.com/lib0/-/lib0-0.2.88.tgz#18618e0c3b63f6260255eb760f9247d9cc6c6a5b"
  integrity sha512-KyroiEvCeZcZEMx5Ys+b4u4eEBbA1ch7XUaBhYpwa/nPMrzTjUhI4RfcytmQfYoTBPcdyx+FX6WFNIoNuJzJfQ==
  dependencies:
    isomorphic.js "^0.2.4"

lodash.debounce@^4.0.8:
  version "4.0.8"
  resolved "https://registry.npmmirror.com/lodash.debounce/-/lodash.debounce-4.0.8.tgz#82d79bff30a67c4005ffd5e2515300ad9ca4d7af"
  integrity sha512-FT1yDzDYEoYWhnSGnpE/4Kj1fLZkDFyqRb7fNt6FdYOSxlUWAtp42Eh6Wb0rGIv/m9Bgo7x4GhQbm5Ys4SG5ow==

lru-cache@^6.0.0:
  version "6.0.0"
  resolved "https://registry.npmmirror.com/lru-cache/-/lru-cache-6.0.0.tgz#6d6fe6570ebd96aaf90fcad1dafa3b2566db3a94"
  integrity sha512-Jo6dJ04CmSjuznwJSS3pUeWmd/H0ffTlkXXgwZi+eq1UCmqQwCh+eLsYOYCwY991i2Fah4h1BEMCx4qThGbsiA==
  dependencies:
    yallist "^4.0.0"

ltgt@^2.1.2:
  version "2.2.1"
  resolved "https://registry.npmmirror.com/ltgt/-/ltgt-2.2.1.tgz#f35ca91c493f7b73da0e07495304f17b31f87ee5"
  integrity sha512-AI2r85+4MquTw9ZYqabu4nMwy9Oftlfa/e/52t9IjtfG+mGBbTNdAoZ3RQKLHR6r0wQnwZnPIEh/Ya6XTWAKNA==

magic-string@^0.30.5:
  version "0.30.5"
  resolved "https://registry.npmmirror.com/magic-string/-/magic-string-0.30.5.tgz#1994d980bd1c8835dc6e78db7cbd4ae4f24746f9"
  integrity sha512-7xlpfBaQaP/T6Vh8MO/EqXSW5En6INHEvEXQiuff7Gku0PWjU3uf6w/j9o7O+SpB5fOAkrI5HeoNgwjEO0pFsA==
  dependencies:
    "@jridgewell/sourcemap-codec" "^1.4.15"

minimatch@^9.0.3:
  version "9.0.3"
  resolved "https://registry.npmmirror.com/minimatch/-/minimatch-9.0.3.tgz#a6e00c3de44c3a542bfaae70abfc22420a6da825"
  integrity sha512-RHiac9mvaRw0x3AYRgDC1CxAP7HTcNrrECeA8YYJeWnpo+2Q5CegtZjaotWTWxDG3UeGA1coE05iH1mPjT/2mg==
  dependencies:
    brace-expansion "^2.0.1"

muggle-string@^0.3.1:
  version "0.3.1"
  resolved "https://registry.npmmirror.com/muggle-string/-/muggle-string-0.3.1.tgz#e524312eb1728c63dd0b2ac49e3282e6ed85963a"
  integrity sha512-ckmWDJjphvd/FvZawgygcUeQCxzvohjFO5RxTjj4eq8kw359gFF3E1brjfI+viLMxss5JrHTDRHZvu2/tuy0Qg==

nanoid@^3.3.7:
  version "3.3.7"
  resolved "https://registry.npmmirror.com/nanoid/-/nanoid-3.3.7.tgz#d0c301a691bc8d54efa0a2226ccf3fe2fd656bd8"
  integrity sha512-eSRppjcPIatRIMC1U6UngP8XFcz8MQWGQdt1MTBQ7NaAmvXDfvNxbvWV3x2y6CdEUciCSsDHDQZbhYaB8QEo2g==

napi-macros@~2.0.0:
  version "2.0.0"
  resolved "https://registry.npmmirror.com/napi-macros/-/napi-macros-2.0.0.tgz#2b6bae421e7b96eb687aa6c77a7858640670001b"
  integrity sha512-A0xLykHtARfueITVDernsAWdtIMbOJgKgcluwENp3AlsKN/PloyO10HtmoqnFAQAcxPkgZN7wdfPfEd0zNGxbg==

node-gyp-build@~4.1.0:
  version "4.1.1"
  resolved "https://registry.npmmirror.com/node-gyp-build/-/node-gyp-build-4.1.1.tgz#d7270b5d86717068d114cc57fff352f96d745feb"
  integrity sha512-dSq1xmcPDKPZ2EED2S6zw/b9NKsqzXRE6dVr8TVQnI3FJOTteUMuqF3Qqs6LZg+mLGYJWqQzMbIjMtJqTv87nQ==

object-is@^1.1.5:
  version "1.1.5"
  resolved "https://registry.npmmirror.com/object-is/-/object-is-1.1.5.tgz#b9deeaa5fc7f1846a0faecdceec138e5778f53ac"
  integrity sha512-3cyDsyHgtmi7I7DfSSI2LDp6SK2lwvtbg0p0R1e0RvTqF5ceGx+K2dfSjm1bKDMVCFEDAQvy+o8c6a7VujOddw==
  dependencies:
    call-bind "^1.0.2"
    define-properties "^1.1.3"

object-keys@^1.1.1:
  version "1.1.1"
  resolved "https://registry.npmmirror.com/object-keys/-/object-keys-1.1.1.tgz#1c47f272df277f3b1daf061677d9c82e2322c60e"
  integrity sha512-NuAESUOUMrlIXOfHKzD6bpPu3tYt3xvjNdRIQ+FeT0lNb4K8WR70CaDxhuNguS2XG+GjkyMwOzsN5ZktImfhLA==

parchment@^1.1.4:
  version "1.1.4"
  resolved "https://registry.npmmirror.com/parchment/-/parchment-1.1.4.tgz#aeded7ab938fe921d4c34bc339ce1168bc2ffde5"
  integrity sha512-J5FBQt/pM2inLzg4hEWmzQx/8h8D0CiDxaG3vyp9rKrQRSDgBlhjdP5jQGgosEajXPSQouXGHOmVdgo7QmJuOg==

path-browserify@^1.0.1:
  version "1.0.1"
  resolved "https://registry.npmmirror.com/path-browserify/-/path-browserify-1.0.1.tgz#d98454a9c3753d5790860f16f68867b9e46be1fd"
  integrity sha512-b7uo2UCUOYZcnF/3ID0lulOJi/bafxa1xPe7ZPsammBSpjSWQkjNxlt635YGS2MiR9GjvuXCtz2emr3jbsz98g==

picocolors@^1.0.0:
  version "1.0.0"
  resolved "https://registry.npmmirror.com/picocolors/-/picocolors-1.0.0.tgz#cb5bdc74ff3f51892236eaf79d68bc44564ab81c"
  integrity sha512-1fygroTLlHu66zi26VoTDv8yRgm0Fccecssto+MhsZ0D/DGW2sm8E8AjW7NU5VVTRt5GxbeZ5qBuJr+HyLYkjQ==

postcss@^8.4.27, postcss@^8.4.32:
  version "8.4.33"
  resolved "https://registry.npmmirror.com/postcss/-/postcss-8.4.33.tgz#1378e859c9f69bf6f638b990a0212f43e2aaa742"
  integrity sha512-Kkpbhhdjw2qQs2O2DGX+8m5OVqEcbB9HRBvuYM9pgrjEFUg30A9LmXNlTAUj4S9kgtGyrMbTzVjH7E+s5Re2yg==
  dependencies:
    nanoid "^3.3.7"
    picocolors "^1.0.0"
    source-map-js "^1.0.2"

prr@~1.0.1:
  version "1.0.1"
  resolved "https://registry.npmmirror.com/prr/-/prr-1.0.1.tgz#d3fc114ba06995a45ec6893f484ceb1d78f5f476"
  integrity sha512-yPw4Sng1gWghHQWj0B3ZggWUm4qVbPwPFcRG8KyxiU7J2OHFSoEHKS+EZ3fv5l1t9CyCiop6l/ZYeWbrgoQejw==

quill-cursors@^4.0.2:
  version "4.0.2"
  resolved "https://registry.npmmirror.com/quill-cursors/-/quill-cursors-4.0.2.tgz#430faf15fbb985389863fc563d8ad120ab3c834a"
  integrity sha512-/5mEfB6rDXwBy9rt3XieMKmQE8+OMnMBi2DFwea3t06QXH6i/NsICpteEoC++WGkQ/qyurIACUNnY7eBVh4Bmg==

quill-delta@^3.6.2:
  version "3.6.3"
  resolved "https://registry.npmmirror.com/quill-delta/-/quill-delta-3.6.3.tgz#b19fd2b89412301c60e1ff213d8d860eac0f1032"
  integrity sha512-wdIGBlcX13tCHOXGMVnnTVFtGRLoP0imqxM696fIPwIf5ODIYUHIvHbZcyvGlZFiFhK5XzDC2lpjbxRhnM05Tg==
  dependencies:
    deep-equal "^1.0.1"
    extend "^3.0.2"
    fast-diff "1.1.2"

quill@^1.3.7:
  version "1.3.7"
  resolved "https://registry.npmmirror.com/quill/-/quill-1.3.7.tgz#da5b2f3a2c470e932340cdbf3668c9f21f9286e8"
  integrity sha512-hG/DVzh/TiknWtE6QmWAF/pxoZKYxfe3J/d/+ShUWkDvvkZQVTPeVmUJVu1uE6DDooC4fWTiCLh84ul89oNz5g==
  dependencies:
    clone "^2.1.1"
    deep-equal "^1.0.1"
    eventemitter3 "^2.0.3"
    extend "^3.0.2"
    parchment "^1.1.4"
    quill-delta "^3.6.2"

readable-stream@^3.4.0:
  version "3.6.2"
  resolved "https://registry.npmmirror.com/readable-stream/-/readable-stream-3.6.2.tgz#56a9b36ea965c00c5a93ef31eb111a0f11056967"
  integrity sha512-9u/sniCrY3D5WdsERHzHE4G2YCXqoG5FTHUiCC4SIbr6XcLZBY05ya9EKjYek9O5xOAwjGq+1JdGBAS7Q9ScoA==
  dependencies:
    inherits "^2.0.3"
    string_decoder "^1.1.1"
    util-deprecate "^1.0.1"

regexp.prototype.flags@^1.5.1:
  version "1.5.1"
  resolved "https://registry.npmmirror.com/regexp.prototype.flags/-/regexp.prototype.flags-1.5.1.tgz#90ce989138db209f81492edd734183ce99f9677e"
  integrity sha512-sy6TXMN+hnP/wMy+ISxg3krXx7BAtWVO4UouuCN/ziM9UEne0euamVNafDfvC83bRNr95y0V5iijeDQFUNpvrg==
  dependencies:
    call-bind "^1.0.2"
    define-properties "^1.2.0"
    set-function-name "^2.0.0"

rollup@^3.27.1:
  version "3.29.4"
  resolved "https://registry.npmmirror.com/rollup/-/rollup-3.29.4.tgz#4d70c0f9834146df8705bfb69a9a19c9e1109981"
  integrity sha512-oWzmBZwvYrU0iJHtDmhsm662rC15FRXmcjCk1xD771dFDx5jJ02ufAQQTn0etB2emNk4J9EZg/yWKpsn9BWGRw==
  optionalDependencies:
    fsevents "~2.3.2"

safe-buffer@~5.2.0:
  version "5.2.1"
  resolved "https://registry.npmmirror.com/safe-buffer/-/safe-buffer-5.2.1.tgz#1eaf9fa9bdb1fdd4ec75f58f9cdb4e6b7827eec6"
  integrity sha512-rp3So07KcdmmKbGvgaNxQSJr7bGVSVk5S9Eq1F+ppbRo70+YeaDxkw5Dd8NPN+GD6bjnYm2VuPuCXmpuYvmCXQ==

semver@^7.5.4:
  version "7.5.4"
  resolved "https://registry.npmmirror.com/semver/-/semver-7.5.4.tgz#483986ec4ed38e1c6c48c34894a9182dbff68a6e"
  integrity sha512-1bCSESV6Pv+i21Hvpxp3Dx+pSD8lIPt8uVjRrxAUt/nbswYc+tK6Y2btiULjd4+fnq15PX+nqQDC7Oft7WkwcA==
  dependencies:
    lru-cache "^6.0.0"

set-function-length@^1.1.1:
  version "1.2.0"
  resolved "https://registry.npmmirror.com/set-function-length/-/set-function-length-1.2.0.tgz#2f81dc6c16c7059bda5ab7c82c11f03a515ed8e1"
  integrity sha512-4DBHDoyHlM1IRPGYcoxexgh67y4ueR53FKV1yyxwFMY7aCqcN/38M1+SwZ/qJQ8iLv7+ck385ot4CcisOAPT9w==
  dependencies:
    define-data-property "^1.1.1"
    function-bind "^1.1.2"
    get-intrinsic "^1.2.2"
    gopd "^1.0.1"
    has-property-descriptors "^1.0.1"

set-function-name@^2.0.0:
  version "2.0.1"
  resolved "https://registry.npmmirror.com/set-function-name/-/set-function-name-2.0.1.tgz#12ce38b7954310b9f61faa12701620a0c882793a"
  integrity sha512-tMNCiqYVkXIZgc2Hnoy2IvC/f8ezc5koaRFkCjrpWzGpCd3qbZXPzVy9MAZzK1ch/X0jvSkojys3oqJN0qCmdA==
  dependencies:
    define-data-property "^1.0.1"
    functions-have-names "^1.2.3"
    has-property-descriptors "^1.0.0"

source-map-js@^1.0.2:
  version "1.0.2"
  resolved "https://registry.npmmirror.com/source-map-js/-/source-map-js-1.0.2.tgz#adbc361d9c62df380125e7f161f71c826f1e490c"
  integrity sha512-R0XvVJ9WusLiqTCEiGCmICCMplcCkIwwR11mOSD9CR5u+IXYdiseeEuXCVAjS54zqwkLcPNnmU4OeJ6tUrWhDw==

string_decoder@^1.1.1:
  version "1.3.0"
  resolved "https://registry.npmmirror.com/string_decoder/-/string_decoder-1.3.0.tgz#42f114594a46cf1a8e30b0a84f56c78c3edac21e"
  integrity sha512-hkRX8U1WjJFd8LsDJ2yQ/wWWxaopEsABU1XfkM8A+j0+85JAGppt16cr1Whg6KIbb4okU6Mql6BOj+uup/wKeA==
  dependencies:
    safe-buffer "~5.2.0"

typescript@^4.9.3:
  version "4.9.5"
  resolved "https://registry.npmmirror.com/typescript/-/typescript-4.9.5.tgz#095979f9bcc0d09da324d58d03ce8f8374cbe65a"
  integrity sha512-1FXk9E2Hm+QzZQ7z+McJiHL4NW1F2EzMu9Nq9i3zAaGqibafqYwCVU6WyWAuyQRRzOlxou8xZSyXLEN8oKj24g==

util-deprecate@^1.0.1:
  version "1.0.2"
  resolved "https://registry.npmmirror.com/util-deprecate/-/util-deprecate-1.0.2.tgz#450d4dc9fa70de732762fbd2d4a28981419a0ccf"
  integrity sha512-EPD5q1uXyFxJpCrLnCc1nHnq3gOa6DZBocAIiI2TaSCA7VCJ1UJDMagCzIkXNsUYfD1daK//LTEQ8xiIbrHtcw==

vite@^4.2.0:
  version "4.5.1"
  resolved "https://registry.npmmirror.com/vite/-/vite-4.5.1.tgz#3370986e1ed5dbabbf35a6c2e1fb1e18555b968a"
  integrity sha512-AXXFaAJ8yebyqzoNB9fu2pHoo/nWX+xZlaRwoeYUxEqBO+Zj4msE5G+BhGBll9lYEKv9Hfks52PAF2X7qDYXQA==
  dependencies:
    esbuild "^0.18.10"
    postcss "^8.4.27"
    rollup "^3.27.1"
  optionalDependencies:
    fsevents "~2.3.2"

vue-template-compiler@^2.7.14:
  version "2.7.16"
  resolved "https://registry.npmmirror.com/vue-template-compiler/-/vue-template-compiler-2.7.16.tgz#c81b2d47753264c77ac03b9966a46637482bb03b"
  integrity sha512-AYbUWAJHLGGQM7+cNTELw+KsOG9nl2CnSv467WobS5Cv9uk3wFcnr1Etsz2sEIHEZvw1U+o9mRlEO6QbZvUPGQ==
  dependencies:
    de-indent "^1.0.2"
    he "^1.2.0"

vue-tsc@^1.2.0:
  version "1.8.27"
  resolved "https://registry.npmmirror.com/vue-tsc/-/vue-tsc-1.8.27.tgz#feb2bb1eef9be28017bb9e95e2bbd1ebdd48481c"
  integrity sha512-WesKCAZCRAbmmhuGl3+VrdWItEvfoFIPXOvUJkjULi+x+6G/Dy69yO3TBRJDr9eUlmsNAwVmxsNZxvHKzbkKdg==
  dependencies:
    "@volar/typescript" "~1.11.1"
    "@vue/language-core" "1.8.27"
    semver "^7.5.4"

vue@^3.2.47:
  version "3.4.13"
  resolved "https://registry.npmmirror.com/vue/-/vue-3.4.13.tgz#aa522baf2344d1c4c54c769f66c0151f1872f1ff"
  integrity sha512-FE3UZ0p+oUZTwz+SzlH/hDFg+XsVRFvwmx0LXjdD1pRK/cO4fu5v6ltAZji4za4IBih3dV78elUK3di8v3pWIg==
  dependencies:
    "@vue/compiler-dom" "3.4.13"
    "@vue/compiler-sfc" "3.4.13"
    "@vue/runtime-dom" "3.4.13"
    "@vue/server-renderer" "3.4.13"
    "@vue/shared" "3.4.13"

ws@^6.2.1:
  version "6.2.2"
  resolved "https://registry.npmmirror.com/ws/-/ws-6.2.2.tgz#dd5cdbd57a9979916097652d78f1cc5faea0c32e"
  integrity sha512-zmhltoSR8u1cnDsD43TX59mzoMZsLKqUweyYBAIvTngR3shc0W6aOZylZmq/7hqyVxPdi+5Ud2QInblgyE72fw==
  dependencies:
    async-limiter "~1.0.0"

xtend@^4.0.2, xtend@~4.0.0:
  version "4.0.2"
  resolved "https://registry.npmmirror.com/xtend/-/xtend-4.0.2.tgz#bb72779f5fa465186b1f438f674fa347fdb5db54"
  integrity sha512-LKYU1iAXJXUgAXn9URjiu+MWhyUXHsvfp7mcuYm9dSUKK0/CjtrUwFAxD82/mCWbtLsGjFIad0wIsod4zrTAEQ==

y-leveldb@^0.1.0:
  version "0.1.2"
  resolved "https://registry.npmmirror.com/y-leveldb/-/y-leveldb-0.1.2.tgz#43f6c5004b6891b57926d8a1e0eb0c883003e34b"
  integrity sha512-6ulEn5AXfXJYi89rXPEg2mMHAyyw8+ZfeMMdOtBbV8FJpQ1NOrcgi6DTAcXof0dap84NjHPT2+9d0rb6cFsjEg==
  dependencies:
    level "^6.0.1"
    lib0 "^0.2.31"

y-protocols@^1.0.5:
  version "1.0.6"
  resolved "https://registry.npmmirror.com/y-protocols/-/y-protocols-1.0.6.tgz#66dad8a95752623443e8e28c0e923682d2c0d495"
  integrity sha512-vHRF2L6iT3rwj1jub/K5tYcTT/mEYDUppgNPXwp8fmLpui9f7Yeq3OEtTLVF012j39QnV+KEQpNqoN7CWU7Y9Q==
  dependencies:
    lib0 "^0.2.85"

y-quill@^0.1.5:
  version "0.1.5"
  resolved "https://registry.npmmirror.com/y-quill/-/y-quill-0.1.5.tgz#533a302af96e809597727daf52c3a240e4e55144"
  integrity sha512-bNFkc69yZxe6xrkhiPoHx2RvwR5KdKxpO9UYZVsn9NCv6eXHIYQVTrkSu6rtZ9gNw8ZEBnCVJAl4jpj0+L+IcA==
  dependencies:
    lib0 "^0.2.42"
    y-protocols "^1.0.5"

y-websocket@^1.5.1:
  version "1.5.1"
  resolved "https://registry.npmmirror.com/y-websocket/-/y-websocket-1.5.1.tgz#5c2b28319b5f126b10117d9d55ab6c003f5794de"
  integrity sha512-fi7G9RXzNQpW9S59DA0dgkdNBMF0hyaUGpXkRXiyUH2UIEEcQ9cv6gxf45lDzdmXgBtvw6Sk0DNuzKWmJIHimg==
  dependencies:
    lib0 "^0.2.52"
    lodash.debounce "^4.0.8"
    y-protocols "^1.0.5"
  optionalDependencies:
    ws "^6.2.1"
    y-leveldb "^0.1.0"

yallist@^4.0.0:
  version "4.0.0"
  resolved "https://registry.npmmirror.com/yallist/-/yallist-4.0.0.tgz#9bb92790d9c0effec63be73519e11a35019a3a72"
  integrity sha512-3wdGidZyq5PB084XLES5TpOSRA3wjXAlIWMhum2kRcv/41Sn2emQ0dycQW4uZXLejwKvg6EsvbdlVL+FYEct7A==

yjs@^13.6.10:
  version "13.6.10"
  resolved "https://registry.npmmirror.com/yjs/-/yjs-13.6.10.tgz#bea33b2e73944d54bc6849db2042b9696b95e717"
  integrity sha512-1JcyQek1vaMyrDm7Fqfa+pvHg/DURSbVo4VmeN7wjnTKB/lZrfIPhdCj7d8sboK6zLfRBJXegTjc9JlaDd8/Zw==
  dependencies:
    lib0 "^0.2.86"
